
Microsoft Visual Studio Solution File, Format Version 12.00
# Visual Studio Version 17
VisualStudioVersion = 17.3.32929.385
MinimumVisualStudioVersion = 10.0.40219.1
Project("{FAE04EC0-301F-11D3-BF4B-00C04F79EFBC}") = "Rusu_Iuliana_Lab1", "Rusu_Iuliana_Lab1.csproj", "{C2A07CE6-5159-4D5D-8D17-9807A61EC961}"
EndProject
Global
	GlobalSection(SolutionConfigurationPlatforms) = preSolution
		Debug|Any CPU = Debug|Any CPU
		Release|Any CPU = Release|Any CPU
	EndGlobalSection
	GlobalSection(ProjectConfigurationPlatforms) = postSolution
		{C2A07CE6-5159-4D5D-8D17-9807A61EC961}.Debug|Any CPU.ActiveCfg = Debug|Any CPU
		{C2A07CE6-5159-4D5D-8D17-9807A61EC961}.Debug|Any CPU.Build.0 = Debug|Any CPU
		{C2A07CE6-5159-4D5D-8D17-9807A61EC961}.Release|Any CPU.ActiveCfg = Release|Any CPU
		{C2A07CE6-5159-4D5D-8D17-9807A61EC961}.Release|Any CPU.Build.0 = Release|Any CPU
	EndGlobalSection
	GlobalSection(SolutionProperties) = preSolution
		HideSolutionNode = FALSE
	EndGlobalSection
	GlobalSection(ExtensibilityGlobals) = postSolution
		SolutionGuid = {50011940-6EAF-44D4-81C2-5973AEFDB364}
	EndGlobalSection
EndGlobal
